
Microsoft Visual Studio Solution File, Format Version 12.00
# Visual Studio Version 17
VisualStudioVersion = 17.1.32414.318
MinimumVisualStudioVersion = 10.0.40219.1
Project("{9A19103F-16F7-4668-BE54-9A1E7A4F7556}") = "001_HelloWorld", "001_HelloWorld\001_HelloWorld.csproj", "{93C4CAD1-ED40-4134-80F6-1D778A34B3B5}"
EndProject
Project("{9A19103F-16F7-4668-BE54-9A1E7A4F7556}") = "002_String_Concatenation", "002_String_Concatenation\002_String_Concatenation.csproj", "{01F24925-099F-486E-954E-7459BFAD4196}"
EndProject
Project("{9A19103F-16F7-4668-BE54-9A1E7A4F7556}") = "003_PlaceHolders", "003_PlaceHolders\003_PlaceHolders.csproj", "{8AE75117-E884-44D8-8E87-D7CCC73AFB8A}"
EndProject
Project("{FAE04EC0-301F-11D3-BF4B-00C04F79EFBC}") = "004_out_Keyword", "004_out_Keyword\004_out_Keyword.csproj", "{3F7088E0-9748-4BB3-8D0E-36892EEA1A78}"
EndProject
Project("{FAE04EC0-301F-11D3-BF4B-00C04F79EFBC}") = "004_Index_Component", "004_Index_Component\004_Index_Component.csproj", "{A91212EA-9F35-420D-AAE7-5E6E2FEA1DFE}"
EndProject
Project("{FAE04EC0-301F-11D3-BF4B-00C04F79EFBC}") = "005_Alignment_Component", "005_Alignment_Component\005_Alignment_Component.csproj", "{DC13B665-A492-4281-99D2-08B2A6B8EC98}"
EndProject
Project("{FAE04EC0-301F-11D3-BF4B-00C04F79EFBC}") = "006_Standart_Numeric_Formats", "006_Standart_Numeric_Formats\006_Standart_Numeric_Formats.csproj", "{9AD60CCD-CF31-43FF-9895-5367E4664525}"
EndProject
Project("{FAE04EC0-301F-11D3-BF4B-00C04F79EFBC}") = "007_Custom_Numeric_Formats", "007_Custom_Numeric_Formats\007_Custom_Numeric_Formats.csproj", "{4AABCB1C-7E4E-41BC-B563-070637CA0EF5}"
EndProject
Global
	GlobalSection(SolutionConfigurationPlatforms) = preSolution
		Debug|Any CPU = Debug|Any CPU
		Release|Any CPU = Release|Any CPU
	EndGlobalSection
	GlobalSection(ProjectConfigurationPlatforms) = postSolution
		{93C4CAD1-ED40-4134-80F6-1D778A34B3B5}.Debug|Any CPU.ActiveCfg = Debug|Any CPU
		{93C4CAD1-ED40-4134-80F6-1D778A34B3B5}.Debug|Any CPU.Build.0 = Debug|Any CPU
		{93C4CAD1-ED40-4134-80F6-1D778A34B3B5}.Release|Any CPU.ActiveCfg = Release|Any CPU
		{93C4CAD1-ED40-4134-80F6-1D778A34B3B5}.Release|Any CPU.Build.0 = Release|Any CPU
		{01F24925-099F-486E-954E-7459BFAD4196}.Debug|Any CPU.ActiveCfg = Debug|Any CPU
		{01F24925-099F-486E-954E-7459BFAD4196}.Debug|Any CPU.Build.0 = Debug|Any CPU
		{01F24925-099F-486E-954E-7459BFAD4196}.Release|Any CPU.ActiveCfg = Release|Any CPU
		{01F24925-099F-486E-954E-7459BFAD4196}.Release|Any CPU.Build.0 = Release|Any CPU
		{8AE75117-E884-44D8-8E87-D7CCC73AFB8A}.Debug|Any CPU.ActiveCfg = Debug|Any CPU
		{8AE75117-E884-44D8-8E87-D7CCC73AFB8A}.Debug|Any CPU.Build.0 = Debug|Any CPU
		{8AE75117-E884-44D8-8E87-D7CCC73AFB8A}.Release|Any CPU.ActiveCfg = Release|Any CPU
		{8AE75117-E884-44D8-8E87-D7CCC73AFB8A}.Release|Any CPU.Build.0 = Release|Any CPU
		{3F7088E0-9748-4BB3-8D0E-36892EEA1A78}.Debug|Any CPU.ActiveCfg = Debug|Any CPU
		{3F7088E0-9748-4BB3-8D0E-36892EEA1A78}.Debug|Any CPU.Build.0 = Debug|Any CPU
		{3F7088E0-9748-4BB3-8D0E-36892EEA1A78}.Release|Any CPU.ActiveCfg = Release|Any CPU
		{3F7088E0-9748-4BB3-8D0E-36892EEA1A78}.Release|Any CPU.Build.0 = Release|Any CPU
		{A91212EA-9F35-420D-AAE7-5E6E2FEA1DFE}.Debug|Any CPU.ActiveCfg = Debug|Any CPU
		{A91212EA-9F35-420D-AAE7-5E6E2FEA1DFE}.Debug|Any CPU.Build.0 = Debug|Any CPU
		{A91212EA-9F35-420D-AAE7-5E6E2FEA1DFE}.Release|Any CPU.ActiveCfg = Release|Any CPU
		{A91212EA-9F35-420D-AAE7-5E6E2FEA1DFE}.Release|Any CPU.Build.0 = Release|Any CPU
		{DC13B665-A492-4281-99D2-08B2A6B8EC98}.Debug|Any CPU.ActiveCfg = Debug|Any CPU
		{DC13B665-A492-4281-99D2-08B2A6B8EC98}.Debug|Any CPU.Build.0 = Debug|Any CPU
		{DC13B665-A492-4281-99D2-08B2A6B8EC98}.Release|Any CPU.ActiveCfg = Release|Any CPU
		{DC13B665-A492-4281-99D2-08B2A6B8EC98}.Release|Any CPU.Build.0 = Release|Any CPU
		{9AD60CCD-CF31-43FF-9895-5367E4664525}.Debug|Any CPU.ActiveCfg = Debug|Any CPU
		{9AD60CCD-CF31-43FF-9895-5367E4664525}.Debug|Any CPU.Build.0 = Debug|Any CPU
		{9AD60CCD-CF31-43FF-9895-5367E4664525}.Release|Any CPU.ActiveCfg = Release|Any CPU
		{9AD60CCD-CF31-43FF-9895-5367E4664525}.Release|Any CPU.Build.0 = Release|Any CPU
		{4AABCB1C-7E4E-41BC-B563-070637CA0EF5}.Debug|Any CPU.ActiveCfg = Debug|Any CPU
		{4AABCB1C-7E4E-41BC-B563-070637CA0EF5}.Debug|Any CPU.Build.0 = Debug|Any CPU
		{4AABCB1C-7E4E-41BC-B563-070637CA0EF5}.Release|Any CPU.ActiveCfg = Release|Any CPU
		{4AABCB1C-7E4E-41BC-B563-070637CA0EF5}.Release|Any CPU.Build.0 = Release|Any CPU
	EndGlobalSection
	GlobalSection(SolutionProperties) = preSolution
		HideSolutionNode = FALSE
	EndGlobalSection
	GlobalSection(ExtensibilityGlobals) = postSolution
		SolutionGuid = {CC8404BC-7F78-4F2B-9745-87C5A6B84F39}
	EndGlobalSection
EndGlobal
