
Microsoft Visual Studio Solution File, Format Version 12.00
# Visual Studio Version 17
VisualStudioVersion = 17.1.32414.318
MinimumVisualStudioVersion = 10.0.40219.1
Project("{FAE04EC0-301F-11D3-BF4B-00C04F79EFBC}") = "001_HelloWorld", "001_HelloWorld\001_HelloWorld.csproj", "{93C4CAD1-ED40-4134-80F6-1D778A34B3B5}"
EndProject
Project("{FAE04EC0-301F-11D3-BF4B-00C04F79EFBC}") = "002_String_Concatenation", "002_String_Concatenation\002_String_Concatenation.csproj", "{01F24925-099F-486E-954E-7459BFAD4196}"
EndProject
Project("{FAE04EC0-301F-11D3-BF4B-00C04F79EFBC}") = "003_PlaceHolders", "003_PlaceHolders\003_PlaceHolders.csproj", "{8AE75117-E884-44D8-8E87-D7CCC73AFB8A}"
EndProject
Global
	GlobalSection(SolutionConfigurationPlatforms) = preSolution
		Debug|Any CPU = Debug|Any CPU
		Release|Any CPU = Release|Any CPU
	EndGlobalSection
	GlobalSection(ProjectConfigurationPlatforms) = postSolution
		{93C4CAD1-ED40-4134-80F6-1D778A34B3B5}.Debug|Any CPU.ActiveCfg = Debug|Any CPU
		{93C4CAD1-ED40-4134-80F6-1D778A34B3B5}.Debug|Any CPU.Build.0 = Debug|Any CPU
		{93C4CAD1-ED40-4134-80F6-1D778A34B3B5}.Release|Any CPU.ActiveCfg = Release|Any CPU
		{93C4CAD1-ED40-4134-80F6-1D778A34B3B5}.Release|Any CPU.Build.0 = Release|Any CPU
		{01F24925-099F-486E-954E-7459BFAD4196}.Debug|Any CPU.ActiveCfg = Debug|Any CPU
		{01F24925-099F-486E-954E-7459BFAD4196}.Debug|Any CPU.Build.0 = Debug|Any CPU
		{01F24925-099F-486E-954E-7459BFAD4196}.Release|Any CPU.ActiveCfg = Release|Any CPU
		{01F24925-099F-486E-954E-7459BFAD4196}.Release|Any CPU.Build.0 = Release|Any CPU
		{8AE75117-E884-44D8-8E87-D7CCC73AFB8A}.Debug|Any CPU.ActiveCfg = Debug|Any CPU
		{8AE75117-E884-44D8-8E87-D7CCC73AFB8A}.Debug|Any CPU.Build.0 = Debug|Any CPU
		{8AE75117-E884-44D8-8E87-D7CCC73AFB8A}.Release|Any CPU.ActiveCfg = Release|Any CPU
		{8AE75117-E884-44D8-8E87-D7CCC73AFB8A}.Release|Any CPU.Build.0 = Release|Any CPU
	EndGlobalSection
	GlobalSection(SolutionProperties) = preSolution
		HideSolutionNode = FALSE
	EndGlobalSection
	GlobalSection(ExtensibilityGlobals) = postSolution
		SolutionGuid = {CC8404BC-7F78-4F2B-9745-87C5A6B84F39}
	EndGlobalSection
EndGlobal
