
Microsoft Visual Studio Solution File, Format Version 12.00
# Visual Studio Version 17
VisualStudioVersion = 17.1.32414.318
MinimumVisualStudioVersion = 10.0.40219.1
Project("{9A19103F-16F7-4668-BE54-9A1E7A4F7556}") = "001_HelloWorld", "001_HelloWorld\001_HelloWorld.csproj", "{93C4CAD1-ED40-4134-80F6-1D778A34B3B5}"
EndProject
Project("{9A19103F-16F7-4668-BE54-9A1E7A4F7556}") = "002_String_Concatenation", "002_String_Concatenation\002_String_Concatenation.csproj", "{01F24925-099F-486E-954E-7459BFAD4196}"
EndProject
Project("{9A19103F-16F7-4668-BE54-9A1E7A4F7556}") = "003_PlaceHolders", "003_PlaceHolders\003_PlaceHolders.csproj", "{8AE75117-E884-44D8-8E87-D7CCC73AFB8A}"
EndProject
Project("{9A19103F-16F7-4668-BE54-9A1E7A4F7556}") = "004_out_Keyword", "004_out_Keyword\004_out_Keyword.csproj", "{3F7088E0-9748-4BB3-8D0E-36892EEA1A78}"
EndProject
Project("{9A19103F-16F7-4668-BE54-9A1E7A4F7556}") = "004_Index_Component", "004_Index_Component\004_Index_Component.csproj", "{A91212EA-9F35-420D-AAE7-5E6E2FEA1DFE}"
EndProject
Project("{9A19103F-16F7-4668-BE54-9A1E7A4F7556}") = "005_Alignment_Component", "005_Alignment_Component\005_Alignment_Component.csproj", "{DC13B665-A492-4281-99D2-08B2A6B8EC98}"
EndProject
Project("{9A19103F-16F7-4668-BE54-9A1E7A4F7556}") = "006_Standart_Numeric_Formats", "006_Standart_Numeric_Formats\006_Standart_Numeric_Formats.csproj", "{9AD60CCD-CF31-43FF-9895-5367E4664525}"
EndProject
Project("{9A19103F-16F7-4668-BE54-9A1E7A4F7556}") = "007_Custom_Numeric_Formats", "007_Custom_Numeric_Formats\007_Custom_Numeric_Formats.csproj", "{4AABCB1C-7E4E-41BC-B563-070637CA0EF5}"
EndProject
Project("{FAE04EC0-301F-11D3-BF4B-00C04F79EFBC}") = "008_Custom_Date_Formats", "008_Custom_Date_Formats\008_Custom_Date_Formats.csproj", "{B9DF45E3-73BE-46D0-9204-3EA7959864FC}"
EndProject
Project("{FAE04EC0-301F-11D3-BF4B-00C04F79EFBC}") = "009_EnumerationComponents", "009_EnumerationComponents\009_EnumerationComponents.csproj", "{2783D2AD-2C5C-4A01-B0F0-22E694A6A261}"
EndProject
Project("{FAE04EC0-301F-11D3-BF4B-00C04F79EFBC}") = "010_Culture_Settings", "010_Culture_Settings\010_Culture_Settings.csproj", "{BE07C40C-3580-4407-A4F2-E5B76E6216CA}"
EndProject
Project("{FAE04EC0-301F-11D3-BF4B-00C04F79EFBC}") = "011_ReadLine", "011_ReadLine\011_ReadLine.csproj", "{9BB2DD0A-C931-4C07-97CA-D14B03A074B8}"
EndProject
Project("{FAE04EC0-301F-11D3-BF4B-00C04F79EFBC}") = "012_Read", "012_Read\012_Read.csproj", "{E5C46A00-FAC2-4CB6-87A8-3A01D12423CF}"
EndProject
Project("{FAE04EC0-301F-11D3-BF4B-00C04F79EFBC}") = "013_Parsing", "013_Parsing\013_Parsing.csproj", "{13F09215-3377-4876-88DE-92B91DC588E8}"
EndProject
Project("{FAE04EC0-301F-11D3-BF4B-00C04F79EFBC}") = "014_TryParse", "014_TryParse\014_TryParse.csproj", "{6CEEADA9-0F8A-48B3-951B-003C91A1F545}"
EndProject
Project("{FAE04EC0-301F-11D3-BF4B-00C04F79EFBC}") = "015_ReadKey", "015_ReadKey\015_ReadKey.csproj", "{A2CD57AC-E60E-46B1-9378-6A4DA7B4CCF0}"
EndProject
Project("{FAE04EC0-301F-11D3-BF4B-00C04F79EFBC}") = "016_Printing_Letter", "016_Printing_Letter\016_Printing_Letter.csproj", "{F2C0DBA4-46B7-445F-82CF-660A39554C06}"
EndProject
Project("{FAE04EC0-301F-11D3-BF4B-00C04F79EFBC}") = "017_Area_of_Rectangle", "017_Area_of_Rectangle\017_Area_of_Rectangle.csproj", "{4A5161FB-7D50-4C29-94F5-E110A0681141}"
EndProject
Global
	GlobalSection(SolutionConfigurationPlatforms) = preSolution
		Debug|Any CPU = Debug|Any CPU
		Release|Any CPU = Release|Any CPU
	EndGlobalSection
	GlobalSection(ProjectConfigurationPlatforms) = postSolution
		{93C4CAD1-ED40-4134-80F6-1D778A34B3B5}.Debug|Any CPU.ActiveCfg = Debug|Any CPU
		{93C4CAD1-ED40-4134-80F6-1D778A34B3B5}.Debug|Any CPU.Build.0 = Debug|Any CPU
		{93C4CAD1-ED40-4134-80F6-1D778A34B3B5}.Release|Any CPU.ActiveCfg = Release|Any CPU
		{93C4CAD1-ED40-4134-80F6-1D778A34B3B5}.Release|Any CPU.Build.0 = Release|Any CPU
		{01F24925-099F-486E-954E-7459BFAD4196}.Debug|Any CPU.ActiveCfg = Debug|Any CPU
		{01F24925-099F-486E-954E-7459BFAD4196}.Debug|Any CPU.Build.0 = Debug|Any CPU
		{01F24925-099F-486E-954E-7459BFAD4196}.Release|Any CPU.ActiveCfg = Release|Any CPU
		{01F24925-099F-486E-954E-7459BFAD4196}.Release|Any CPU.Build.0 = Release|Any CPU
		{8AE75117-E884-44D8-8E87-D7CCC73AFB8A}.Debug|Any CPU.ActiveCfg = Debug|Any CPU
		{8AE75117-E884-44D8-8E87-D7CCC73AFB8A}.Debug|Any CPU.Build.0 = Debug|Any CPU
		{8AE75117-E884-44D8-8E87-D7CCC73AFB8A}.Release|Any CPU.ActiveCfg = Release|Any CPU
		{8AE75117-E884-44D8-8E87-D7CCC73AFB8A}.Release|Any CPU.Build.0 = Release|Any CPU
		{3F7088E0-9748-4BB3-8D0E-36892EEA1A78}.Debug|Any CPU.ActiveCfg = Debug|Any CPU
		{3F7088E0-9748-4BB3-8D0E-36892EEA1A78}.Debug|Any CPU.Build.0 = Debug|Any CPU
		{3F7088E0-9748-4BB3-8D0E-36892EEA1A78}.Release|Any CPU.ActiveCfg = Release|Any CPU
		{3F7088E0-9748-4BB3-8D0E-36892EEA1A78}.Release|Any CPU.Build.0 = Release|Any CPU
		{A91212EA-9F35-420D-AAE7-5E6E2FEA1DFE}.Debug|Any CPU.ActiveCfg = Debug|Any CPU
		{A91212EA-9F35-420D-AAE7-5E6E2FEA1DFE}.Debug|Any CPU.Build.0 = Debug|Any CPU
		{A91212EA-9F35-420D-AAE7-5E6E2FEA1DFE}.Release|Any CPU.ActiveCfg = Release|Any CPU
		{A91212EA-9F35-420D-AAE7-5E6E2FEA1DFE}.Release|Any CPU.Build.0 = Release|Any CPU
		{DC13B665-A492-4281-99D2-08B2A6B8EC98}.Debug|Any CPU.ActiveCfg = Debug|Any CPU
		{DC13B665-A492-4281-99D2-08B2A6B8EC98}.Debug|Any CPU.Build.0 = Debug|Any CPU
		{DC13B665-A492-4281-99D2-08B2A6B8EC98}.Release|Any CPU.ActiveCfg = Release|Any CPU
		{DC13B665-A492-4281-99D2-08B2A6B8EC98}.Release|Any CPU.Build.0 = Release|Any CPU
		{9AD60CCD-CF31-43FF-9895-5367E4664525}.Debug|Any CPU.ActiveCfg = Debug|Any CPU
		{9AD60CCD-CF31-43FF-9895-5367E4664525}.Debug|Any CPU.Build.0 = Debug|Any CPU
		{9AD60CCD-CF31-43FF-9895-5367E4664525}.Release|Any CPU.ActiveCfg = Release|Any CPU
		{9AD60CCD-CF31-43FF-9895-5367E4664525}.Release|Any CPU.Build.0 = Release|Any CPU
		{4AABCB1C-7E4E-41BC-B563-070637CA0EF5}.Debug|Any CPU.ActiveCfg = Debug|Any CPU
		{4AABCB1C-7E4E-41BC-B563-070637CA0EF5}.Debug|Any CPU.Build.0 = Debug|Any CPU
		{4AABCB1C-7E4E-41BC-B563-070637CA0EF5}.Release|Any CPU.ActiveCfg = Release|Any CPU
		{4AABCB1C-7E4E-41BC-B563-070637CA0EF5}.Release|Any CPU.Build.0 = Release|Any CPU
		{B9DF45E3-73BE-46D0-9204-3EA7959864FC}.Debug|Any CPU.ActiveCfg = Debug|Any CPU
		{B9DF45E3-73BE-46D0-9204-3EA7959864FC}.Debug|Any CPU.Build.0 = Debug|Any CPU
		{B9DF45E3-73BE-46D0-9204-3EA7959864FC}.Release|Any CPU.ActiveCfg = Release|Any CPU
		{B9DF45E3-73BE-46D0-9204-3EA7959864FC}.Release|Any CPU.Build.0 = Release|Any CPU
		{2783D2AD-2C5C-4A01-B0F0-22E694A6A261}.Debug|Any CPU.ActiveCfg = Debug|Any CPU
		{2783D2AD-2C5C-4A01-B0F0-22E694A6A261}.Debug|Any CPU.Build.0 = Debug|Any CPU
		{2783D2AD-2C5C-4A01-B0F0-22E694A6A261}.Release|Any CPU.ActiveCfg = Release|Any CPU
		{2783D2AD-2C5C-4A01-B0F0-22E694A6A261}.Release|Any CPU.Build.0 = Release|Any CPU
		{BE07C40C-3580-4407-A4F2-E5B76E6216CA}.Debug|Any CPU.ActiveCfg = Debug|Any CPU
		{BE07C40C-3580-4407-A4F2-E5B76E6216CA}.Debug|Any CPU.Build.0 = Debug|Any CPU
		{BE07C40C-3580-4407-A4F2-E5B76E6216CA}.Release|Any CPU.ActiveCfg = Release|Any CPU
		{BE07C40C-3580-4407-A4F2-E5B76E6216CA}.Release|Any CPU.Build.0 = Release|Any CPU
		{9BB2DD0A-C931-4C07-97CA-D14B03A074B8}.Debug|Any CPU.ActiveCfg = Debug|Any CPU
		{9BB2DD0A-C931-4C07-97CA-D14B03A074B8}.Debug|Any CPU.Build.0 = Debug|Any CPU
		{9BB2DD0A-C931-4C07-97CA-D14B03A074B8}.Release|Any CPU.ActiveCfg = Release|Any CPU
		{9BB2DD0A-C931-4C07-97CA-D14B03A074B8}.Release|Any CPU.Build.0 = Release|Any CPU
		{E5C46A00-FAC2-4CB6-87A8-3A01D12423CF}.Debug|Any CPU.ActiveCfg = Debug|Any CPU
		{E5C46A00-FAC2-4CB6-87A8-3A01D12423CF}.Debug|Any CPU.Build.0 = Debug|Any CPU
		{E5C46A00-FAC2-4CB6-87A8-3A01D12423CF}.Release|Any CPU.ActiveCfg = Release|Any CPU
		{E5C46A00-FAC2-4CB6-87A8-3A01D12423CF}.Release|Any CPU.Build.0 = Release|Any CPU
		{13F09215-3377-4876-88DE-92B91DC588E8}.Debug|Any CPU.ActiveCfg = Debug|Any CPU
		{13F09215-3377-4876-88DE-92B91DC588E8}.Debug|Any CPU.Build.0 = Debug|Any CPU
		{13F09215-3377-4876-88DE-92B91DC588E8}.Release|Any CPU.ActiveCfg = Release|Any CPU
		{13F09215-3377-4876-88DE-92B91DC588E8}.Release|Any CPU.Build.0 = Release|Any CPU
		{6CEEADA9-0F8A-48B3-951B-003C91A1F545}.Debug|Any CPU.ActiveCfg = Debug|Any CPU
		{6CEEADA9-0F8A-48B3-951B-003C91A1F545}.Debug|Any CPU.Build.0 = Debug|Any CPU
		{6CEEADA9-0F8A-48B3-951B-003C91A1F545}.Release|Any CPU.ActiveCfg = Release|Any CPU
		{6CEEADA9-0F8A-48B3-951B-003C91A1F545}.Release|Any CPU.Build.0 = Release|Any CPU
		{A2CD57AC-E60E-46B1-9378-6A4DA7B4CCF0}.Debug|Any CPU.ActiveCfg = Debug|Any CPU
		{A2CD57AC-E60E-46B1-9378-6A4DA7B4CCF0}.Debug|Any CPU.Build.0 = Debug|Any CPU
		{A2CD57AC-E60E-46B1-9378-6A4DA7B4CCF0}.Release|Any CPU.ActiveCfg = Release|Any CPU
		{A2CD57AC-E60E-46B1-9378-6A4DA7B4CCF0}.Release|Any CPU.Build.0 = Release|Any CPU
		{F2C0DBA4-46B7-445F-82CF-660A39554C06}.Debug|Any CPU.ActiveCfg = Debug|Any CPU
		{F2C0DBA4-46B7-445F-82CF-660A39554C06}.Debug|Any CPU.Build.0 = Debug|Any CPU
		{F2C0DBA4-46B7-445F-82CF-660A39554C06}.Release|Any CPU.ActiveCfg = Release|Any CPU
		{F2C0DBA4-46B7-445F-82CF-660A39554C06}.Release|Any CPU.Build.0 = Release|Any CPU
		{4A5161FB-7D50-4C29-94F5-E110A0681141}.Debug|Any CPU.ActiveCfg = Debug|Any CPU
		{4A5161FB-7D50-4C29-94F5-E110A0681141}.Debug|Any CPU.Build.0 = Debug|Any CPU
		{4A5161FB-7D50-4C29-94F5-E110A0681141}.Release|Any CPU.ActiveCfg = Release|Any CPU
		{4A5161FB-7D50-4C29-94F5-E110A0681141}.Release|Any CPU.Build.0 = Release|Any CPU
	EndGlobalSection
	GlobalSection(SolutionProperties) = preSolution
		HideSolutionNode = FALSE
	EndGlobalSection
	GlobalSection(ExtensibilityGlobals) = postSolution
		SolutionGuid = {CC8404BC-7F78-4F2B-9745-87C5A6B84F39}
	EndGlobalSection
EndGlobal
