
Microsoft Visual Studio Solution File, Format Version 12.00
# Visual Studio Version 17
VisualStudioVersion = 17.1.32414.318
MinimumVisualStudioVersion = 10.0.40219.1
Project("{9A19103F-16F7-4668-BE54-9A1E7A4F7556}") = "Exercise1_Odd_Even", "Exercise1_Odd_Even\Exercise1_Odd_Even.csproj", "{E501F03B-1B58-479E-A2DB-71DD6FEA24C3}"
EndProject
Project("{9A19103F-16F7-4668-BE54-9A1E7A4F7556}") = "Exercise2_Divisible", "Exercise2_Divisible\Exercise2_Divisible.csproj", "{DEFEE149-1E19-42B0-B2B3-1089A8F9FD94}"
EndProject
Project("{9A19103F-16F7-4668-BE54-9A1E7A4F7556}") = "Exercise3_DigitCheck", "Exercise3_DigitCheck\Exercise3_DigitCheck.csproj", "{38EF5CCC-83D0-41A4-A916-091B92A3C97F}"
EndProject
Project("{9A19103F-16F7-4668-BE54-9A1E7A4F7556}") = "Exercise4_DigitCheck2", "Exercise4_DigitCheck2\Exercise4_DigitCheck2.csproj", "{9A9796B3-480C-4885-A1FF-8044B02EC8AA}"
EndProject
Project("{9A19103F-16F7-4668-BE54-9A1E7A4F7556}") = "Exercise5_Trapezoiz", "Exercise5_Trapezoiz\Exercise5_Trapezoiz.csproj", "{47416EE7-B2B3-4405-8975-E0973F02F836}"
EndProject
Project("{9A19103F-16F7-4668-BE54-9A1E7A4F7556}") = "Exercise6_Rectangle", "Exercise6_Rectangle\Exercise6_Rectangle.csproj", "{8AED6777-B6DE-4946-86F9-F527654AE86F}"
EndProject
Project("{9A19103F-16F7-4668-BE54-9A1E7A4F7556}") = "Exercise7_Moon", "Exercise7_Moon\Exercise7_Moon.csproj", "{C60E502A-00DE-4C57-BB36-D46EF13043BE}"
EndProject
Project("{9A19103F-16F7-4668-BE54-9A1E7A4F7556}") = "Exercise8_Circle", "Exercise8_Circle\Exercise8_Circle.csproj", "{65F3787C-940D-4AE8-89EA-CA11DE5E5CE6}"
EndProject
Project("{9A19103F-16F7-4668-BE54-9A1E7A4F7556}") = "Exercise9_Circle_Rectangle", "Exercise9_Circle_Rectangle\Exercise9_Circle_Rectangle.csproj", "{99ED59DC-CAB7-45ED-A3AD-FF4ABC68B44E}"
EndProject
Project("{9A19103F-16F7-4668-BE54-9A1E7A4F7556}") = "Exercise10_Calculator", "Exercise10_Calculator\Exercise10_Calculator.csproj", "{DE1F8E82-9C0B-475F-9E69-E649EDBD4FBB}"
EndProject
Project("{9A19103F-16F7-4668-BE54-9A1E7A4F7556}") = "Exercise11_Find_the_Bit", "Exercise11_Find_the_Bit\Exercise11_Find_the_Bit.csproj", "{2CF37D0D-61A9-4817-876D-DE3E5A0C77D8}"
EndProject
Project("{9A19103F-16F7-4668-BE54-9A1E7A4F7556}") = "Exercise12_Bit_Check", "Exercise12_Bit_Check\Exercise12_Bit_Check.csproj", "{AD0A7762-B08F-44E3-B894-A7C3646DC710}"
EndProject
Project("{9A19103F-16F7-4668-BE54-9A1E7A4F7556}") = "Exercise13_Bit_Check2", "Exercise13_Bit_Check2\Exercise13_Bit_Check2.csproj", "{AA36422B-4DCF-4C3E-975E-62AFD5F5C274}"
EndProject
Project("{9A19103F-16F7-4668-BE54-9A1E7A4F7556}") = "Exercise14_Prime_Number", "Exercise14_Prime_Number\Exercise14_Prime_Number.csproj", "{E211C956-81B8-4463-ADF5-FD4B32F165CB}"
EndProject
Project("{9A19103F-16F7-4668-BE54-9A1E7A4F7556}") = "Exercise15_Bit_Swapping", "Exercise15_Bit_Swapping\Exercise15_Bit_Swapping.csproj", "{AE58459B-256A-4CEF-AC0B-ED0F1F644FA1}"
EndProject
Project("{FAE04EC0-301F-11D3-BF4B-00C04F79EFBC}") = "Exercise16_Bit_Swapper", "Exercise16_Bit_Swapper\Exercise16_Bit_Swapper.csproj", "{6541222C-5A56-4B55-BBB3-D8EFB17191A9}"
EndProject
Global
	GlobalSection(SolutionConfigurationPlatforms) = preSolution
		Debug|Any CPU = Debug|Any CPU
		Release|Any CPU = Release|Any CPU
	EndGlobalSection
	GlobalSection(ProjectConfigurationPlatforms) = postSolution
		{E501F03B-1B58-479E-A2DB-71DD6FEA24C3}.Debug|Any CPU.ActiveCfg = Debug|Any CPU
		{E501F03B-1B58-479E-A2DB-71DD6FEA24C3}.Debug|Any CPU.Build.0 = Debug|Any CPU
		{E501F03B-1B58-479E-A2DB-71DD6FEA24C3}.Release|Any CPU.ActiveCfg = Release|Any CPU
		{E501F03B-1B58-479E-A2DB-71DD6FEA24C3}.Release|Any CPU.Build.0 = Release|Any CPU
		{DEFEE149-1E19-42B0-B2B3-1089A8F9FD94}.Debug|Any CPU.ActiveCfg = Debug|Any CPU
		{DEFEE149-1E19-42B0-B2B3-1089A8F9FD94}.Debug|Any CPU.Build.0 = Debug|Any CPU
		{DEFEE149-1E19-42B0-B2B3-1089A8F9FD94}.Release|Any CPU.ActiveCfg = Release|Any CPU
		{DEFEE149-1E19-42B0-B2B3-1089A8F9FD94}.Release|Any CPU.Build.0 = Release|Any CPU
		{38EF5CCC-83D0-41A4-A916-091B92A3C97F}.Debug|Any CPU.ActiveCfg = Debug|Any CPU
		{38EF5CCC-83D0-41A4-A916-091B92A3C97F}.Debug|Any CPU.Build.0 = Debug|Any CPU
		{38EF5CCC-83D0-41A4-A916-091B92A3C97F}.Release|Any CPU.ActiveCfg = Release|Any CPU
		{38EF5CCC-83D0-41A4-A916-091B92A3C97F}.Release|Any CPU.Build.0 = Release|Any CPU
		{9A9796B3-480C-4885-A1FF-8044B02EC8AA}.Debug|Any CPU.ActiveCfg = Debug|Any CPU
		{9A9796B3-480C-4885-A1FF-8044B02EC8AA}.Debug|Any CPU.Build.0 = Debug|Any CPU
		{9A9796B3-480C-4885-A1FF-8044B02EC8AA}.Release|Any CPU.ActiveCfg = Release|Any CPU
		{9A9796B3-480C-4885-A1FF-8044B02EC8AA}.Release|Any CPU.Build.0 = Release|Any CPU
		{47416EE7-B2B3-4405-8975-E0973F02F836}.Debug|Any CPU.ActiveCfg = Debug|Any CPU
		{47416EE7-B2B3-4405-8975-E0973F02F836}.Debug|Any CPU.Build.0 = Debug|Any CPU
		{47416EE7-B2B3-4405-8975-E0973F02F836}.Release|Any CPU.ActiveCfg = Release|Any CPU
		{47416EE7-B2B3-4405-8975-E0973F02F836}.Release|Any CPU.Build.0 = Release|Any CPU
		{8AED6777-B6DE-4946-86F9-F527654AE86F}.Debug|Any CPU.ActiveCfg = Debug|Any CPU
		{8AED6777-B6DE-4946-86F9-F527654AE86F}.Debug|Any CPU.Build.0 = Debug|Any CPU
		{8AED6777-B6DE-4946-86F9-F527654AE86F}.Release|Any CPU.ActiveCfg = Release|Any CPU
		{8AED6777-B6DE-4946-86F9-F527654AE86F}.Release|Any CPU.Build.0 = Release|Any CPU
		{C60E502A-00DE-4C57-BB36-D46EF13043BE}.Debug|Any CPU.ActiveCfg = Debug|Any CPU
		{C60E502A-00DE-4C57-BB36-D46EF13043BE}.Debug|Any CPU.Build.0 = Debug|Any CPU
		{C60E502A-00DE-4C57-BB36-D46EF13043BE}.Release|Any CPU.ActiveCfg = Release|Any CPU
		{C60E502A-00DE-4C57-BB36-D46EF13043BE}.Release|Any CPU.Build.0 = Release|Any CPU
		{65F3787C-940D-4AE8-89EA-CA11DE5E5CE6}.Debug|Any CPU.ActiveCfg = Debug|Any CPU
		{65F3787C-940D-4AE8-89EA-CA11DE5E5CE6}.Debug|Any CPU.Build.0 = Debug|Any CPU
		{65F3787C-940D-4AE8-89EA-CA11DE5E5CE6}.Release|Any CPU.ActiveCfg = Release|Any CPU
		{65F3787C-940D-4AE8-89EA-CA11DE5E5CE6}.Release|Any CPU.Build.0 = Release|Any CPU
		{99ED59DC-CAB7-45ED-A3AD-FF4ABC68B44E}.Debug|Any CPU.ActiveCfg = Debug|Any CPU
		{99ED59DC-CAB7-45ED-A3AD-FF4ABC68B44E}.Debug|Any CPU.Build.0 = Debug|Any CPU
		{99ED59DC-CAB7-45ED-A3AD-FF4ABC68B44E}.Release|Any CPU.ActiveCfg = Release|Any CPU
		{99ED59DC-CAB7-45ED-A3AD-FF4ABC68B44E}.Release|Any CPU.Build.0 = Release|Any CPU
		{DE1F8E82-9C0B-475F-9E69-E649EDBD4FBB}.Debug|Any CPU.ActiveCfg = Debug|Any CPU
		{DE1F8E82-9C0B-475F-9E69-E649EDBD4FBB}.Debug|Any CPU.Build.0 = Debug|Any CPU
		{DE1F8E82-9C0B-475F-9E69-E649EDBD4FBB}.Release|Any CPU.ActiveCfg = Release|Any CPU
		{DE1F8E82-9C0B-475F-9E69-E649EDBD4FBB}.Release|Any CPU.Build.0 = Release|Any CPU
		{2CF37D0D-61A9-4817-876D-DE3E5A0C77D8}.Debug|Any CPU.ActiveCfg = Debug|Any CPU
		{2CF37D0D-61A9-4817-876D-DE3E5A0C77D8}.Debug|Any CPU.Build.0 = Debug|Any CPU
		{2CF37D0D-61A9-4817-876D-DE3E5A0C77D8}.Release|Any CPU.ActiveCfg = Release|Any CPU
		{2CF37D0D-61A9-4817-876D-DE3E5A0C77D8}.Release|Any CPU.Build.0 = Release|Any CPU
		{AD0A7762-B08F-44E3-B894-A7C3646DC710}.Debug|Any CPU.ActiveCfg = Debug|Any CPU
		{AD0A7762-B08F-44E3-B894-A7C3646DC710}.Debug|Any CPU.Build.0 = Debug|Any CPU
		{AD0A7762-B08F-44E3-B894-A7C3646DC710}.Release|Any CPU.ActiveCfg = Release|Any CPU
		{AD0A7762-B08F-44E3-B894-A7C3646DC710}.Release|Any CPU.Build.0 = Release|Any CPU
		{AA36422B-4DCF-4C3E-975E-62AFD5F5C274}.Debug|Any CPU.ActiveCfg = Debug|Any CPU
		{AA36422B-4DCF-4C3E-975E-62AFD5F5C274}.Debug|Any CPU.Build.0 = Debug|Any CPU
		{AA36422B-4DCF-4C3E-975E-62AFD5F5C274}.Release|Any CPU.ActiveCfg = Release|Any CPU
		{AA36422B-4DCF-4C3E-975E-62AFD5F5C274}.Release|Any CPU.Build.0 = Release|Any CPU
		{E211C956-81B8-4463-ADF5-FD4B32F165CB}.Debug|Any CPU.ActiveCfg = Debug|Any CPU
		{E211C956-81B8-4463-ADF5-FD4B32F165CB}.Debug|Any CPU.Build.0 = Debug|Any CPU
		{E211C956-81B8-4463-ADF5-FD4B32F165CB}.Release|Any CPU.ActiveCfg = Release|Any CPU
		{E211C956-81B8-4463-ADF5-FD4B32F165CB}.Release|Any CPU.Build.0 = Release|Any CPU
		{AE58459B-256A-4CEF-AC0B-ED0F1F644FA1}.Debug|Any CPU.ActiveCfg = Debug|Any CPU
		{AE58459B-256A-4CEF-AC0B-ED0F1F644FA1}.Debug|Any CPU.Build.0 = Debug|Any CPU
		{AE58459B-256A-4CEF-AC0B-ED0F1F644FA1}.Release|Any CPU.ActiveCfg = Release|Any CPU
		{AE58459B-256A-4CEF-AC0B-ED0F1F644FA1}.Release|Any CPU.Build.0 = Release|Any CPU
		{6541222C-5A56-4B55-BBB3-D8EFB17191A9}.Debug|Any CPU.ActiveCfg = Debug|Any CPU
		{6541222C-5A56-4B55-BBB3-D8EFB17191A9}.Debug|Any CPU.Build.0 = Debug|Any CPU
		{6541222C-5A56-4B55-BBB3-D8EFB17191A9}.Release|Any CPU.ActiveCfg = Release|Any CPU
		{6541222C-5A56-4B55-BBB3-D8EFB17191A9}.Release|Any CPU.Build.0 = Release|Any CPU
	EndGlobalSection
	GlobalSection(SolutionProperties) = preSolution
		HideSolutionNode = FALSE
	EndGlobalSection
	GlobalSection(ExtensibilityGlobals) = postSolution
		SolutionGuid = {F6B2D7C8-1AAB-4AC5-8708-2C7F4E23BA8B}
	EndGlobalSection
EndGlobal
