
Microsoft Visual Studio Solution File, Format Version 12.00
# Visual Studio Version 17
VisualStudioVersion = 17.1.32414.318
MinimumVisualStudioVersion = 10.0.40219.1
Project("{FAE04EC0-301F-11D3-BF4B-00C04F79EFBC}") = "Exercise1_Odd_Even", "Exercise1_Odd_Even\Exercise1_Odd_Even.csproj", "{E501F03B-1B58-479E-A2DB-71DD6FEA24C3}"
EndProject
Project("{FAE04EC0-301F-11D3-BF4B-00C04F79EFBC}") = "Exercise2_Divisible", "Exercise2_Divisible\Exercise2_Divisible.csproj", "{DEFEE149-1E19-42B0-B2B3-1089A8F9FD94}"
EndProject
Project("{FAE04EC0-301F-11D3-BF4B-00C04F79EFBC}") = "Exercise3_DigitCheck", "Exercise3_DigitCheck\Exercise3_DigitCheck.csproj", "{38EF5CCC-83D0-41A4-A916-091B92A3C97F}"
EndProject
Global
	GlobalSection(SolutionConfigurationPlatforms) = preSolution
		Debug|Any CPU = Debug|Any CPU
		Release|Any CPU = Release|Any CPU
	EndGlobalSection
	GlobalSection(ProjectConfigurationPlatforms) = postSolution
		{E501F03B-1B58-479E-A2DB-71DD6FEA24C3}.Debug|Any CPU.ActiveCfg = Debug|Any CPU
		{E501F03B-1B58-479E-A2DB-71DD6FEA24C3}.Debug|Any CPU.Build.0 = Debug|Any CPU
		{E501F03B-1B58-479E-A2DB-71DD6FEA24C3}.Release|Any CPU.ActiveCfg = Release|Any CPU
		{E501F03B-1B58-479E-A2DB-71DD6FEA24C3}.Release|Any CPU.Build.0 = Release|Any CPU
		{DEFEE149-1E19-42B0-B2B3-1089A8F9FD94}.Debug|Any CPU.ActiveCfg = Debug|Any CPU
		{DEFEE149-1E19-42B0-B2B3-1089A8F9FD94}.Debug|Any CPU.Build.0 = Debug|Any CPU
		{DEFEE149-1E19-42B0-B2B3-1089A8F9FD94}.Release|Any CPU.ActiveCfg = Release|Any CPU
		{DEFEE149-1E19-42B0-B2B3-1089A8F9FD94}.Release|Any CPU.Build.0 = Release|Any CPU
		{38EF5CCC-83D0-41A4-A916-091B92A3C97F}.Debug|Any CPU.ActiveCfg = Debug|Any CPU
		{38EF5CCC-83D0-41A4-A916-091B92A3C97F}.Debug|Any CPU.Build.0 = Debug|Any CPU
		{38EF5CCC-83D0-41A4-A916-091B92A3C97F}.Release|Any CPU.ActiveCfg = Release|Any CPU
		{38EF5CCC-83D0-41A4-A916-091B92A3C97F}.Release|Any CPU.Build.0 = Release|Any CPU
	EndGlobalSection
	GlobalSection(SolutionProperties) = preSolution
		HideSolutionNode = FALSE
	EndGlobalSection
	GlobalSection(ExtensibilityGlobals) = postSolution
		SolutionGuid = {F6B2D7C8-1AAB-4AC5-8708-2C7F4E23BA8B}
	EndGlobalSection
EndGlobal
