
Microsoft Visual Studio Solution File, Format Version 12.00
# Visual Studio Version 17
VisualStudioVersion = 17.3.32922.545
MinimumVisualStudioVersion = 10.0.40219.1
Project("{9A19103F-16F7-4668-BE54-9A1E7A4F7556}") = "001_Hello_World", "001_Hello_World\001_Hello_World.csproj", "{5F6B0CEF-5D7C-4BBD-8760-E5D49CB34186}"
EndProject
Project("{9A19103F-16F7-4668-BE54-9A1E7A4F7556}") = "002_GetMax", "002_GetMax\002_GetMax.csproj", "{5E6D04B5-31CA-44DB-9FDC-8B5A9B6DCA32}"
EndProject
Project("{9A19103F-16F7-4668-BE54-9A1E7A4F7556}") = "002_GetMax_Explicit", "002_GetMax_Explicit\002_GetMax_Explicit.csproj", "{5977E985-6309-48AD-906E-23EDAC9C8500}"
EndProject
Project("{9A19103F-16F7-4668-BE54-9A1E7A4F7556}") = "002_Get_Max_Explicit_Testing", "002_Get_Max_Explicit_Testing\002_Get_Max_Explicit_Testing.csproj", "{046BD52A-782B-4183-8DBC-903B77A81B8B}"
EndProject
Project("{9A19103F-16F7-4668-BE54-9A1E7A4F7556}") = "003_Last_Digit", "003_Last_Digit\003_Last_Digit.csproj", "{96B74EDF-DC17-41B1-B2B8-6E0A18DAF978}"
EndProject
Project("{9A19103F-16F7-4668-BE54-9A1E7A4F7556}") = "004_Search_In_Array", "004_Search_In_Array\004_Search_In_Array.csproj", "{4DD0061C-FEC2-4A9B-A3BA-C888DEAADECB}"
EndProject
Project("{9A19103F-16F7-4668-BE54-9A1E7A4F7556}") = "004_Search_In_Array_Testing", "004_Search_In_Array_Testing\004_Search_In_Array_Testing.csproj", "{E3B2A32C-B875-46B7-935C-2BCD4958AD61}"
EndProject
Project("{9A19103F-16F7-4668-BE54-9A1E7A4F7556}") = "005_Check_Neighbour", "005_Check_Neighbour\005_Check_Neighbour.csproj", "{08143FC5-43EB-4009-8B9E-539E81203E07}"
EndProject
Project("{9A19103F-16F7-4668-BE54-9A1E7A4F7556}") = "005_Check_Neighbour_Test", "005_Check_Neighbour_Test\005_Check_Neighbour_Test.csproj", "{79103889-49F8-4A81-ABE4-8AE14569A13E}"
EndProject
Project("{FAE04EC0-301F-11D3-BF4B-00C04F79EFBC}") = "006_First_Occurence", "006_First_Occurence\006_First_Occurence.csproj", "{7C192DD8-A1F9-4DAC-87C3-7DEB3F16C139}"
EndProject
Project("{FAE04EC0-301F-11D3-BF4B-00C04F79EFBC}") = "007_Reversed_Decimal", "007_Reversed_Decimal\007_Reversed_Decimal.csproj", "{5617EFD5-BB7F-45BD-93C0-46F45D41D4C6}"
EndProject
Global
	GlobalSection(SolutionConfigurationPlatforms) = preSolution
		Debug|Any CPU = Debug|Any CPU
		Release|Any CPU = Release|Any CPU
	EndGlobalSection
	GlobalSection(ProjectConfigurationPlatforms) = postSolution
		{5F6B0CEF-5D7C-4BBD-8760-E5D49CB34186}.Debug|Any CPU.ActiveCfg = Debug|Any CPU
		{5F6B0CEF-5D7C-4BBD-8760-E5D49CB34186}.Debug|Any CPU.Build.0 = Debug|Any CPU
		{5F6B0CEF-5D7C-4BBD-8760-E5D49CB34186}.Release|Any CPU.ActiveCfg = Release|Any CPU
		{5F6B0CEF-5D7C-4BBD-8760-E5D49CB34186}.Release|Any CPU.Build.0 = Release|Any CPU
		{5E6D04B5-31CA-44DB-9FDC-8B5A9B6DCA32}.Debug|Any CPU.ActiveCfg = Debug|Any CPU
		{5E6D04B5-31CA-44DB-9FDC-8B5A9B6DCA32}.Debug|Any CPU.Build.0 = Debug|Any CPU
		{5E6D04B5-31CA-44DB-9FDC-8B5A9B6DCA32}.Release|Any CPU.ActiveCfg = Release|Any CPU
		{5E6D04B5-31CA-44DB-9FDC-8B5A9B6DCA32}.Release|Any CPU.Build.0 = Release|Any CPU
		{5977E985-6309-48AD-906E-23EDAC9C8500}.Debug|Any CPU.ActiveCfg = Debug|Any CPU
		{5977E985-6309-48AD-906E-23EDAC9C8500}.Debug|Any CPU.Build.0 = Debug|Any CPU
		{5977E985-6309-48AD-906E-23EDAC9C8500}.Release|Any CPU.ActiveCfg = Release|Any CPU
		{5977E985-6309-48AD-906E-23EDAC9C8500}.Release|Any CPU.Build.0 = Release|Any CPU
		{046BD52A-782B-4183-8DBC-903B77A81B8B}.Debug|Any CPU.ActiveCfg = Debug|Any CPU
		{046BD52A-782B-4183-8DBC-903B77A81B8B}.Debug|Any CPU.Build.0 = Debug|Any CPU
		{046BD52A-782B-4183-8DBC-903B77A81B8B}.Release|Any CPU.ActiveCfg = Release|Any CPU
		{046BD52A-782B-4183-8DBC-903B77A81B8B}.Release|Any CPU.Build.0 = Release|Any CPU
		{96B74EDF-DC17-41B1-B2B8-6E0A18DAF978}.Debug|Any CPU.ActiveCfg = Debug|Any CPU
		{96B74EDF-DC17-41B1-B2B8-6E0A18DAF978}.Debug|Any CPU.Build.0 = Debug|Any CPU
		{96B74EDF-DC17-41B1-B2B8-6E0A18DAF978}.Release|Any CPU.ActiveCfg = Release|Any CPU
		{96B74EDF-DC17-41B1-B2B8-6E0A18DAF978}.Release|Any CPU.Build.0 = Release|Any CPU
		{4DD0061C-FEC2-4A9B-A3BA-C888DEAADECB}.Debug|Any CPU.ActiveCfg = Debug|Any CPU
		{4DD0061C-FEC2-4A9B-A3BA-C888DEAADECB}.Debug|Any CPU.Build.0 = Debug|Any CPU
		{4DD0061C-FEC2-4A9B-A3BA-C888DEAADECB}.Release|Any CPU.ActiveCfg = Release|Any CPU
		{4DD0061C-FEC2-4A9B-A3BA-C888DEAADECB}.Release|Any CPU.Build.0 = Release|Any CPU
		{E3B2A32C-B875-46B7-935C-2BCD4958AD61}.Debug|Any CPU.ActiveCfg = Debug|Any CPU
		{E3B2A32C-B875-46B7-935C-2BCD4958AD61}.Debug|Any CPU.Build.0 = Debug|Any CPU
		{E3B2A32C-B875-46B7-935C-2BCD4958AD61}.Release|Any CPU.ActiveCfg = Release|Any CPU
		{E3B2A32C-B875-46B7-935C-2BCD4958AD61}.Release|Any CPU.Build.0 = Release|Any CPU
		{08143FC5-43EB-4009-8B9E-539E81203E07}.Debug|Any CPU.ActiveCfg = Debug|Any CPU
		{08143FC5-43EB-4009-8B9E-539E81203E07}.Debug|Any CPU.Build.0 = Debug|Any CPU
		{08143FC5-43EB-4009-8B9E-539E81203E07}.Release|Any CPU.ActiveCfg = Release|Any CPU
		{08143FC5-43EB-4009-8B9E-539E81203E07}.Release|Any CPU.Build.0 = Release|Any CPU
		{79103889-49F8-4A81-ABE4-8AE14569A13E}.Debug|Any CPU.ActiveCfg = Debug|Any CPU
		{79103889-49F8-4A81-ABE4-8AE14569A13E}.Debug|Any CPU.Build.0 = Debug|Any CPU
		{79103889-49F8-4A81-ABE4-8AE14569A13E}.Release|Any CPU.ActiveCfg = Release|Any CPU
		{79103889-49F8-4A81-ABE4-8AE14569A13E}.Release|Any CPU.Build.0 = Release|Any CPU
		{7C192DD8-A1F9-4DAC-87C3-7DEB3F16C139}.Debug|Any CPU.ActiveCfg = Debug|Any CPU
		{7C192DD8-A1F9-4DAC-87C3-7DEB3F16C139}.Debug|Any CPU.Build.0 = Debug|Any CPU
		{7C192DD8-A1F9-4DAC-87C3-7DEB3F16C139}.Release|Any CPU.ActiveCfg = Release|Any CPU
		{7C192DD8-A1F9-4DAC-87C3-7DEB3F16C139}.Release|Any CPU.Build.0 = Release|Any CPU
		{5617EFD5-BB7F-45BD-93C0-46F45D41D4C6}.Debug|Any CPU.ActiveCfg = Debug|Any CPU
		{5617EFD5-BB7F-45BD-93C0-46F45D41D4C6}.Debug|Any CPU.Build.0 = Debug|Any CPU
		{5617EFD5-BB7F-45BD-93C0-46F45D41D4C6}.Release|Any CPU.ActiveCfg = Release|Any CPU
		{5617EFD5-BB7F-45BD-93C0-46F45D41D4C6}.Release|Any CPU.Build.0 = Release|Any CPU
	EndGlobalSection
	GlobalSection(SolutionProperties) = preSolution
		HideSolutionNode = FALSE
	EndGlobalSection
	GlobalSection(ExtensibilityGlobals) = postSolution
		SolutionGuid = {AEB23418-F063-4AA5-A321-215AE87FCE68}
	EndGlobalSection
EndGlobal
