
Microsoft Visual Studio Solution File, Format Version 12.00
# Visual Studio Version 17
VisualStudioVersion = 17.1.32228.430
MinimumVisualStudioVersion = 10.0.40219.1
Project("{9A19103F-16F7-4668-BE54-9A1E7A4F7556}") = "Example1_Operators", "Example1_Operators\Example1_Operators.csproj", "{DB5BA073-2319-400C-AC71-99166FCFA2FE}"
EndProject
Project("{9A19103F-16F7-4668-BE54-9A1E7A4F7556}") = "Example2_Arithmetical_Operators", "Example2_Arithmetical_Operators\Example2_Arithmetical_Operators.csproj", "{9FACF524-8684-458D-A3C6-708678267D4C}"
EndProject
Project("{9A19103F-16F7-4668-BE54-9A1E7A4F7556}") = "Example3_Logical_Operators", "Example3_Logical_Operators\Example3_Logical_Operators.csproj", "{FA6B1B6E-7E7B-443A-8965-6FEFE29D5C30}"
EndProject
Project("{9A19103F-16F7-4668-BE54-9A1E7A4F7556}") = "Example4_Concatenation", "Example4_Concatenation\Example4_Concatenation.csproj", "{15779A61-81FC-4216-9316-8D86C5FFD2AD}"
EndProject
Project("{9A19103F-16F7-4668-BE54-9A1E7A4F7556}") = "Example5_Bitwise", "Example5_Bitwise\Example5_Bitwise.csproj", "{CC5205E7-223F-4295-BD7B-2EDCFB17B4DC}"
EndProject
Project("{9A19103F-16F7-4668-BE54-9A1E7A4F7556}") = "Example6_Comparison", "Example6_Comparison\Example6_Comparison.csproj", "{A5440EAE-7CBB-469B-B659-6D5D49D41C67}"
EndProject
Project("{9A19103F-16F7-4668-BE54-9A1E7A4F7556}") = "Example7_Assignments", "Example7_Assignments\Example7_Assignments.csproj", "{DE4B9471-86F0-420B-9511-0AFEA37D4249}"
EndProject
Project("{9A19103F-16F7-4668-BE54-9A1E7A4F7556}") = "Example8_Conditional", "Example8_Conditional\Example8_Conditional.csproj", "{1EE7B5BE-84F5-45FE-A869-4D3D1B6FC982}"
EndProject
Project("{9A19103F-16F7-4668-BE54-9A1E7A4F7556}") = "Example9_Type_Conversion", "Example9_Type_Conversion\Example9_Type_Conversion.csproj", "{170F811D-E34A-40B5-9BC0-23A859A23B99}"
EndProject
Project("{FAE04EC0-301F-11D3-BF4B-00C04F79EFBC}") = "Example10_DataLoss", "Example10_DataLoss\Example10_DataLoss.csproj", "{A90E4FA5-A380-460C-8CD0-51C86C9FAE4B}"
EndProject
Project("{FAE04EC0-301F-11D3-BF4B-00C04F79EFBC}") = "Example11_String_Conversion", "Example11_String_Conversion\Example11_String_Conversion.csproj", "{1E7500E4-BBD7-46F7-B549-4A6B16275429}"
EndProject
Project("{FAE04EC0-301F-11D3-BF4B-00C04F79EFBC}") = "Example12_Expressions", "Example12_Expressions\Example12_Expressions.csproj", "{D71F1064-10B6-4ACA-8EA6-AB30FBD08534}"
EndProject
Global
	GlobalSection(SolutionConfigurationPlatforms) = preSolution
		Debug|Any CPU = Debug|Any CPU
		Release|Any CPU = Release|Any CPU
	EndGlobalSection
	GlobalSection(ProjectConfigurationPlatforms) = postSolution
		{DB5BA073-2319-400C-AC71-99166FCFA2FE}.Debug|Any CPU.ActiveCfg = Debug|Any CPU
		{DB5BA073-2319-400C-AC71-99166FCFA2FE}.Debug|Any CPU.Build.0 = Debug|Any CPU
		{DB5BA073-2319-400C-AC71-99166FCFA2FE}.Release|Any CPU.ActiveCfg = Release|Any CPU
		{DB5BA073-2319-400C-AC71-99166FCFA2FE}.Release|Any CPU.Build.0 = Release|Any CPU
		{9FACF524-8684-458D-A3C6-708678267D4C}.Debug|Any CPU.ActiveCfg = Debug|Any CPU
		{9FACF524-8684-458D-A3C6-708678267D4C}.Debug|Any CPU.Build.0 = Debug|Any CPU
		{9FACF524-8684-458D-A3C6-708678267D4C}.Release|Any CPU.ActiveCfg = Release|Any CPU
		{9FACF524-8684-458D-A3C6-708678267D4C}.Release|Any CPU.Build.0 = Release|Any CPU
		{FA6B1B6E-7E7B-443A-8965-6FEFE29D5C30}.Debug|Any CPU.ActiveCfg = Debug|Any CPU
		{FA6B1B6E-7E7B-443A-8965-6FEFE29D5C30}.Debug|Any CPU.Build.0 = Debug|Any CPU
		{FA6B1B6E-7E7B-443A-8965-6FEFE29D5C30}.Release|Any CPU.ActiveCfg = Release|Any CPU
		{FA6B1B6E-7E7B-443A-8965-6FEFE29D5C30}.Release|Any CPU.Build.0 = Release|Any CPU
		{15779A61-81FC-4216-9316-8D86C5FFD2AD}.Debug|Any CPU.ActiveCfg = Debug|Any CPU
		{15779A61-81FC-4216-9316-8D86C5FFD2AD}.Debug|Any CPU.Build.0 = Debug|Any CPU
		{15779A61-81FC-4216-9316-8D86C5FFD2AD}.Release|Any CPU.ActiveCfg = Release|Any CPU
		{15779A61-81FC-4216-9316-8D86C5FFD2AD}.Release|Any CPU.Build.0 = Release|Any CPU
		{CC5205E7-223F-4295-BD7B-2EDCFB17B4DC}.Debug|Any CPU.ActiveCfg = Debug|Any CPU
		{CC5205E7-223F-4295-BD7B-2EDCFB17B4DC}.Debug|Any CPU.Build.0 = Debug|Any CPU
		{CC5205E7-223F-4295-BD7B-2EDCFB17B4DC}.Release|Any CPU.ActiveCfg = Release|Any CPU
		{CC5205E7-223F-4295-BD7B-2EDCFB17B4DC}.Release|Any CPU.Build.0 = Release|Any CPU
		{A5440EAE-7CBB-469B-B659-6D5D49D41C67}.Debug|Any CPU.ActiveCfg = Debug|Any CPU
		{A5440EAE-7CBB-469B-B659-6D5D49D41C67}.Debug|Any CPU.Build.0 = Debug|Any CPU
		{A5440EAE-7CBB-469B-B659-6D5D49D41C67}.Release|Any CPU.ActiveCfg = Release|Any CPU
		{A5440EAE-7CBB-469B-B659-6D5D49D41C67}.Release|Any CPU.Build.0 = Release|Any CPU
		{DE4B9471-86F0-420B-9511-0AFEA37D4249}.Debug|Any CPU.ActiveCfg = Debug|Any CPU
		{DE4B9471-86F0-420B-9511-0AFEA37D4249}.Debug|Any CPU.Build.0 = Debug|Any CPU
		{DE4B9471-86F0-420B-9511-0AFEA37D4249}.Release|Any CPU.ActiveCfg = Release|Any CPU
		{DE4B9471-86F0-420B-9511-0AFEA37D4249}.Release|Any CPU.Build.0 = Release|Any CPU
		{1EE7B5BE-84F5-45FE-A869-4D3D1B6FC982}.Debug|Any CPU.ActiveCfg = Debug|Any CPU
		{1EE7B5BE-84F5-45FE-A869-4D3D1B6FC982}.Debug|Any CPU.Build.0 = Debug|Any CPU
		{1EE7B5BE-84F5-45FE-A869-4D3D1B6FC982}.Release|Any CPU.ActiveCfg = Release|Any CPU
		{1EE7B5BE-84F5-45FE-A869-4D3D1B6FC982}.Release|Any CPU.Build.0 = Release|Any CPU
		{170F811D-E34A-40B5-9BC0-23A859A23B99}.Debug|Any CPU.ActiveCfg = Debug|Any CPU
		{170F811D-E34A-40B5-9BC0-23A859A23B99}.Debug|Any CPU.Build.0 = Debug|Any CPU
		{170F811D-E34A-40B5-9BC0-23A859A23B99}.Release|Any CPU.ActiveCfg = Release|Any CPU
		{170F811D-E34A-40B5-9BC0-23A859A23B99}.Release|Any CPU.Build.0 = Release|Any CPU
		{A90E4FA5-A380-460C-8CD0-51C86C9FAE4B}.Debug|Any CPU.ActiveCfg = Debug|Any CPU
		{A90E4FA5-A380-460C-8CD0-51C86C9FAE4B}.Debug|Any CPU.Build.0 = Debug|Any CPU
		{A90E4FA5-A380-460C-8CD0-51C86C9FAE4B}.Release|Any CPU.ActiveCfg = Release|Any CPU
		{A90E4FA5-A380-460C-8CD0-51C86C9FAE4B}.Release|Any CPU.Build.0 = Release|Any CPU
		{1E7500E4-BBD7-46F7-B549-4A6B16275429}.Debug|Any CPU.ActiveCfg = Debug|Any CPU
		{1E7500E4-BBD7-46F7-B549-4A6B16275429}.Debug|Any CPU.Build.0 = Debug|Any CPU
		{1E7500E4-BBD7-46F7-B549-4A6B16275429}.Release|Any CPU.ActiveCfg = Release|Any CPU
		{1E7500E4-BBD7-46F7-B549-4A6B16275429}.Release|Any CPU.Build.0 = Release|Any CPU
		{D71F1064-10B6-4ACA-8EA6-AB30FBD08534}.Debug|Any CPU.ActiveCfg = Debug|Any CPU
		{D71F1064-10B6-4ACA-8EA6-AB30FBD08534}.Debug|Any CPU.Build.0 = Debug|Any CPU
		{D71F1064-10B6-4ACA-8EA6-AB30FBD08534}.Release|Any CPU.ActiveCfg = Release|Any CPU
		{D71F1064-10B6-4ACA-8EA6-AB30FBD08534}.Release|Any CPU.Build.0 = Release|Any CPU
	EndGlobalSection
	GlobalSection(SolutionProperties) = preSolution
		HideSolutionNode = FALSE
	EndGlobalSection
	GlobalSection(ExtensibilityGlobals) = postSolution
		SolutionGuid = {08B1C0AB-D65F-47C4-BAF9-EFA5AD1A6D91}
	EndGlobalSection
EndGlobal
