
Microsoft Visual Studio Solution File, Format Version 12.00
# Visual Studio Version 17
VisualStudioVersion = 17.1.32414.318
MinimumVisualStudioVersion = 10.0.40219.1
Project("{9A19103F-16F7-4668-BE54-9A1E7A4F7556}") = "001_Array", "001_Array\001_Array.csproj", "{34D98F5C-D9C5-437F-A323-CE8AE60758AB}"
EndProject
Project("{9A19103F-16F7-4668-BE54-9A1E7A4F7556}") = "002_Compare_Arrays", "002_Compare_Arrays\002_Compare_Arrays.csproj", "{7DDFB495-99A9-45F3-A70F-5A1A72FF7368}"
EndProject
Project("{9A19103F-16F7-4668-BE54-9A1E7A4F7556}") = "003_Lexicographic_Order", "003_Lexicographic_Order\003_Lexicographic_Order.csproj", "{1BC7B2E0-C4DC-4AD9-85AF-59ACBDB450DF}"
EndProject
Project("{9A19103F-16F7-4668-BE54-9A1E7A4F7556}") = "004_Maximal_Consecutive_Elements", "004_Maximal_Consecutive_Elements\004_Maximal_Consecutive_Elements.csproj", "{D2F2C7B8-529C-4A8A-A3C6-4DC1D9221EDC}"
EndProject
Project("{9A19103F-16F7-4668-BE54-9A1E7A4F7556}") = "005_Increasing_Consecutive", "005_Increasing_Consecutive\005_Increasing_Consecutive.csproj", "{A312A480-46D0-4EF1-8A83-0AE107B8A897}"
EndProject
Project("{9A19103F-16F7-4668-BE54-9A1E7A4F7556}") = "006_Increasing_Squence", "006_Increasing_Squence\006_Increasing_Squence.csproj", "{47DF2457-059B-4CA3-9384-2F47B71DC269}"
EndProject
Project("{9A19103F-16F7-4668-BE54-9A1E7A4F7556}") = "008_Selection_Sort", "008_Selection_Sort\008_Selection_Sort.csproj", "{1297CEEA-AFF2-4BD4-AFBE-173393F84F57}"
EndProject
Project("{9A19103F-16F7-4668-BE54-9A1E7A4F7556}") = "010_Max_Occurance", "010_Max_Occurance\010_Max_Occurance.csproj", "{86AA6796-E370-4DD8-A873-D1EA4ED5397B}"
EndProject
Project("{9A19103F-16F7-4668-BE54-9A1E7A4F7556}") = "007_Maximum_Consecutive_Sum", "007_Maximum_Consecutive_Sum\007_Maximum_Consecutive_Sum.csproj", "{4F8C616A-834B-4779-A46C-CC52F079DE26}"
EndProject
Project("{9A19103F-16F7-4668-BE54-9A1E7A4F7556}") = "012_A_Matrices", "012_A_Matrices\012_A_Matrices.csproj", "{71431C59-7088-4C0E-BA31-A531164845E2}"
EndProject
Project("{9A19103F-16F7-4668-BE54-9A1E7A4F7556}") = "012_B_Matrices", "012_B_Matrices\012_B_Matrices.csproj", "{6A3E5B95-64D5-49AE-BCFB-B17027097B18}"
EndProject
Project("{FAE04EC0-301F-11D3-BF4B-00C04F79EFBC}") = "012_D_Matrices", "012_D_Matrices\012_D_Matrices.csproj", "{E2AB4837-49C1-4B52-8B26-63C68EC4362F}"
EndProject
Project("{FAE04EC0-301F-11D3-BF4B-00C04F79EFBC}") = "013_Maximal_Sum", "013_Maximal_Sum\013_Maximal_Sum.csproj", "{D4A96BEB-89B4-419C-8897-E4774FA1C8C2}"
EndProject
Project("{FAE04EC0-301F-11D3-BF4B-00C04F79EFBC}") = "014_String_Sequence", "014_String_Sequence\014_String_Sequence.csproj", "{D4992DB9-599D-4F18-A1FB-FC5A91C26A66}"
EndProject
Project("{FAE04EC0-301F-11D3-BF4B-00C04F79EFBC}") = "015_Indices_of_Words", "015_Indices_of_Words\015_Indices_of_Words.csproj", "{1625C2C0-C428-46DD-AA6E-032E543F78C2}"
EndProject
Project("{FAE04EC0-301F-11D3-BF4B-00C04F79EFBC}") = "016_Binary_Search", "016_Binary_Search\016_Binary_Search.csproj", "{4A315C17-6CE5-40B5-8F79-01BA1F018A0A}"
EndProject
Project("{FAE04EC0-301F-11D3-BF4B-00C04F79EFBC}") = "017_Merge_Sort", "017_Merge_Sort\017_Merge_Sort.csproj", "{1618326E-FF5A-4CA4-A574-DBB5B5D1CFEF}"
EndProject
Project("{FAE04EC0-301F-11D3-BF4B-00C04F79EFBC}") = "018_Quick_Sort", "018_Quick_Sort\018_Quick_Sort.csproj", "{EA307E5B-9D16-40F1-9B09-D3DC2E136E99}"
EndProject
Project("{FAE04EC0-301F-11D3-BF4B-00C04F79EFBC}") = "019_Find_Prime_Numbers_in_Interval", "019_Find_Prime_Numbers_in_Interval\019_Find_Prime_Numbers_in_Interval.csproj", "{7F34343D-97D8-4313-8746-DEE03A0A8CCB}"
EndProject
Project("{FAE04EC0-301F-11D3-BF4B-00C04F79EFBC}") = "009_Sub_Sequence_Sum", "009_Sub_Sequence_Sum\009_Sub_Sequence_Sum.csproj", "{28C5DF77-3193-4B39-AC37-C1C70E5E68BF}"
EndProject
Project("{FAE04EC0-301F-11D3-BF4B-00C04F79EFBC}") = "011_Sum_of_Certain_Number", "011_Sum_of_Certain_Number\011_Sum_of_Certain_Number.csproj", "{C459697E-6550-49A6-BEBE-022EDA381142}"
EndProject
Global
	GlobalSection(SolutionConfigurationPlatforms) = preSolution
		Debug|Any CPU = Debug|Any CPU
		Release|Any CPU = Release|Any CPU
	EndGlobalSection
	GlobalSection(ProjectConfigurationPlatforms) = postSolution
		{34D98F5C-D9C5-437F-A323-CE8AE60758AB}.Debug|Any CPU.ActiveCfg = Debug|Any CPU
		{34D98F5C-D9C5-437F-A323-CE8AE60758AB}.Debug|Any CPU.Build.0 = Debug|Any CPU
		{34D98F5C-D9C5-437F-A323-CE8AE60758AB}.Release|Any CPU.ActiveCfg = Release|Any CPU
		{34D98F5C-D9C5-437F-A323-CE8AE60758AB}.Release|Any CPU.Build.0 = Release|Any CPU
		{7DDFB495-99A9-45F3-A70F-5A1A72FF7368}.Debug|Any CPU.ActiveCfg = Debug|Any CPU
		{7DDFB495-99A9-45F3-A70F-5A1A72FF7368}.Debug|Any CPU.Build.0 = Debug|Any CPU
		{7DDFB495-99A9-45F3-A70F-5A1A72FF7368}.Release|Any CPU.ActiveCfg = Release|Any CPU
		{7DDFB495-99A9-45F3-A70F-5A1A72FF7368}.Release|Any CPU.Build.0 = Release|Any CPU
		{1BC7B2E0-C4DC-4AD9-85AF-59ACBDB450DF}.Debug|Any CPU.ActiveCfg = Debug|Any CPU
		{1BC7B2E0-C4DC-4AD9-85AF-59ACBDB450DF}.Debug|Any CPU.Build.0 = Debug|Any CPU
		{1BC7B2E0-C4DC-4AD9-85AF-59ACBDB450DF}.Release|Any CPU.ActiveCfg = Release|Any CPU
		{1BC7B2E0-C4DC-4AD9-85AF-59ACBDB450DF}.Release|Any CPU.Build.0 = Release|Any CPU
		{D2F2C7B8-529C-4A8A-A3C6-4DC1D9221EDC}.Debug|Any CPU.ActiveCfg = Debug|Any CPU
		{D2F2C7B8-529C-4A8A-A3C6-4DC1D9221EDC}.Debug|Any CPU.Build.0 = Debug|Any CPU
		{D2F2C7B8-529C-4A8A-A3C6-4DC1D9221EDC}.Release|Any CPU.ActiveCfg = Release|Any CPU
		{D2F2C7B8-529C-4A8A-A3C6-4DC1D9221EDC}.Release|Any CPU.Build.0 = Release|Any CPU
		{A312A480-46D0-4EF1-8A83-0AE107B8A897}.Debug|Any CPU.ActiveCfg = Debug|Any CPU
		{A312A480-46D0-4EF1-8A83-0AE107B8A897}.Debug|Any CPU.Build.0 = Debug|Any CPU
		{A312A480-46D0-4EF1-8A83-0AE107B8A897}.Release|Any CPU.ActiveCfg = Release|Any CPU
		{A312A480-46D0-4EF1-8A83-0AE107B8A897}.Release|Any CPU.Build.0 = Release|Any CPU
		{47DF2457-059B-4CA3-9384-2F47B71DC269}.Debug|Any CPU.ActiveCfg = Debug|Any CPU
		{47DF2457-059B-4CA3-9384-2F47B71DC269}.Debug|Any CPU.Build.0 = Debug|Any CPU
		{47DF2457-059B-4CA3-9384-2F47B71DC269}.Release|Any CPU.ActiveCfg = Release|Any CPU
		{47DF2457-059B-4CA3-9384-2F47B71DC269}.Release|Any CPU.Build.0 = Release|Any CPU
		{1297CEEA-AFF2-4BD4-AFBE-173393F84F57}.Debug|Any CPU.ActiveCfg = Debug|Any CPU
		{1297CEEA-AFF2-4BD4-AFBE-173393F84F57}.Debug|Any CPU.Build.0 = Debug|Any CPU
		{1297CEEA-AFF2-4BD4-AFBE-173393F84F57}.Release|Any CPU.ActiveCfg = Release|Any CPU
		{1297CEEA-AFF2-4BD4-AFBE-173393F84F57}.Release|Any CPU.Build.0 = Release|Any CPU
		{86AA6796-E370-4DD8-A873-D1EA4ED5397B}.Debug|Any CPU.ActiveCfg = Debug|Any CPU
		{86AA6796-E370-4DD8-A873-D1EA4ED5397B}.Debug|Any CPU.Build.0 = Debug|Any CPU
		{86AA6796-E370-4DD8-A873-D1EA4ED5397B}.Release|Any CPU.ActiveCfg = Release|Any CPU
		{86AA6796-E370-4DD8-A873-D1EA4ED5397B}.Release|Any CPU.Build.0 = Release|Any CPU
		{4F8C616A-834B-4779-A46C-CC52F079DE26}.Debug|Any CPU.ActiveCfg = Debug|Any CPU
		{4F8C616A-834B-4779-A46C-CC52F079DE26}.Debug|Any CPU.Build.0 = Debug|Any CPU
		{4F8C616A-834B-4779-A46C-CC52F079DE26}.Release|Any CPU.ActiveCfg = Release|Any CPU
		{4F8C616A-834B-4779-A46C-CC52F079DE26}.Release|Any CPU.Build.0 = Release|Any CPU
		{71431C59-7088-4C0E-BA31-A531164845E2}.Debug|Any CPU.ActiveCfg = Debug|Any CPU
		{71431C59-7088-4C0E-BA31-A531164845E2}.Debug|Any CPU.Build.0 = Debug|Any CPU
		{71431C59-7088-4C0E-BA31-A531164845E2}.Release|Any CPU.ActiveCfg = Release|Any CPU
		{71431C59-7088-4C0E-BA31-A531164845E2}.Release|Any CPU.Build.0 = Release|Any CPU
		{6A3E5B95-64D5-49AE-BCFB-B17027097B18}.Debug|Any CPU.ActiveCfg = Debug|Any CPU
		{6A3E5B95-64D5-49AE-BCFB-B17027097B18}.Debug|Any CPU.Build.0 = Debug|Any CPU
		{6A3E5B95-64D5-49AE-BCFB-B17027097B18}.Release|Any CPU.ActiveCfg = Release|Any CPU
		{6A3E5B95-64D5-49AE-BCFB-B17027097B18}.Release|Any CPU.Build.0 = Release|Any CPU
		{E2AB4837-49C1-4B52-8B26-63C68EC4362F}.Debug|Any CPU.ActiveCfg = Debug|Any CPU
		{E2AB4837-49C1-4B52-8B26-63C68EC4362F}.Debug|Any CPU.Build.0 = Debug|Any CPU
		{E2AB4837-49C1-4B52-8B26-63C68EC4362F}.Release|Any CPU.ActiveCfg = Release|Any CPU
		{E2AB4837-49C1-4B52-8B26-63C68EC4362F}.Release|Any CPU.Build.0 = Release|Any CPU
		{D4A96BEB-89B4-419C-8897-E4774FA1C8C2}.Debug|Any CPU.ActiveCfg = Debug|Any CPU
		{D4A96BEB-89B4-419C-8897-E4774FA1C8C2}.Debug|Any CPU.Build.0 = Debug|Any CPU
		{D4A96BEB-89B4-419C-8897-E4774FA1C8C2}.Release|Any CPU.ActiveCfg = Release|Any CPU
		{D4A96BEB-89B4-419C-8897-E4774FA1C8C2}.Release|Any CPU.Build.0 = Release|Any CPU
		{D4992DB9-599D-4F18-A1FB-FC5A91C26A66}.Debug|Any CPU.ActiveCfg = Debug|Any CPU
		{D4992DB9-599D-4F18-A1FB-FC5A91C26A66}.Debug|Any CPU.Build.0 = Debug|Any CPU
		{D4992DB9-599D-4F18-A1FB-FC5A91C26A66}.Release|Any CPU.ActiveCfg = Release|Any CPU
		{D4992DB9-599D-4F18-A1FB-FC5A91C26A66}.Release|Any CPU.Build.0 = Release|Any CPU
		{1625C2C0-C428-46DD-AA6E-032E543F78C2}.Debug|Any CPU.ActiveCfg = Debug|Any CPU
		{1625C2C0-C428-46DD-AA6E-032E543F78C2}.Debug|Any CPU.Build.0 = Debug|Any CPU
		{1625C2C0-C428-46DD-AA6E-032E543F78C2}.Release|Any CPU.ActiveCfg = Release|Any CPU
		{1625C2C0-C428-46DD-AA6E-032E543F78C2}.Release|Any CPU.Build.0 = Release|Any CPU
		{4A315C17-6CE5-40B5-8F79-01BA1F018A0A}.Debug|Any CPU.ActiveCfg = Debug|Any CPU
		{4A315C17-6CE5-40B5-8F79-01BA1F018A0A}.Debug|Any CPU.Build.0 = Debug|Any CPU
		{4A315C17-6CE5-40B5-8F79-01BA1F018A0A}.Release|Any CPU.ActiveCfg = Release|Any CPU
		{4A315C17-6CE5-40B5-8F79-01BA1F018A0A}.Release|Any CPU.Build.0 = Release|Any CPU
		{1618326E-FF5A-4CA4-A574-DBB5B5D1CFEF}.Debug|Any CPU.ActiveCfg = Debug|Any CPU
		{1618326E-FF5A-4CA4-A574-DBB5B5D1CFEF}.Debug|Any CPU.Build.0 = Debug|Any CPU
		{1618326E-FF5A-4CA4-A574-DBB5B5D1CFEF}.Release|Any CPU.ActiveCfg = Release|Any CPU
		{1618326E-FF5A-4CA4-A574-DBB5B5D1CFEF}.Release|Any CPU.Build.0 = Release|Any CPU
		{EA307E5B-9D16-40F1-9B09-D3DC2E136E99}.Debug|Any CPU.ActiveCfg = Debug|Any CPU
		{EA307E5B-9D16-40F1-9B09-D3DC2E136E99}.Debug|Any CPU.Build.0 = Debug|Any CPU
		{EA307E5B-9D16-40F1-9B09-D3DC2E136E99}.Release|Any CPU.ActiveCfg = Release|Any CPU
		{EA307E5B-9D16-40F1-9B09-D3DC2E136E99}.Release|Any CPU.Build.0 = Release|Any CPU
		{7F34343D-97D8-4313-8746-DEE03A0A8CCB}.Debug|Any CPU.ActiveCfg = Debug|Any CPU
		{7F34343D-97D8-4313-8746-DEE03A0A8CCB}.Debug|Any CPU.Build.0 = Debug|Any CPU
		{7F34343D-97D8-4313-8746-DEE03A0A8CCB}.Release|Any CPU.ActiveCfg = Release|Any CPU
		{7F34343D-97D8-4313-8746-DEE03A0A8CCB}.Release|Any CPU.Build.0 = Release|Any CPU
		{28C5DF77-3193-4B39-AC37-C1C70E5E68BF}.Debug|Any CPU.ActiveCfg = Debug|Any CPU
		{28C5DF77-3193-4B39-AC37-C1C70E5E68BF}.Debug|Any CPU.Build.0 = Debug|Any CPU
		{28C5DF77-3193-4B39-AC37-C1C70E5E68BF}.Release|Any CPU.ActiveCfg = Release|Any CPU
		{28C5DF77-3193-4B39-AC37-C1C70E5E68BF}.Release|Any CPU.Build.0 = Release|Any CPU
		{C459697E-6550-49A6-BEBE-022EDA381142}.Debug|Any CPU.ActiveCfg = Debug|Any CPU
		{C459697E-6550-49A6-BEBE-022EDA381142}.Debug|Any CPU.Build.0 = Debug|Any CPU
		{C459697E-6550-49A6-BEBE-022EDA381142}.Release|Any CPU.ActiveCfg = Release|Any CPU
		{C459697E-6550-49A6-BEBE-022EDA381142}.Release|Any CPU.Build.0 = Release|Any CPU
	EndGlobalSection
	GlobalSection(SolutionProperties) = preSolution
		HideSolutionNode = FALSE
	EndGlobalSection
	GlobalSection(ExtensibilityGlobals) = postSolution
		SolutionGuid = {FB13A5EE-A5C2-480A-980C-52E4DA6EA9B6}
	EndGlobalSection
EndGlobal
